
Microsoft Visual Studio Solution File, Format Version 12.00
# Visual Studio Version 17
VisualStudioVersion = 17.14.36301.6 d17.14
MinimumVisualStudioVersion = 10.0.40219.1
Project("{FAE04EC0-301F-11D3-BF4B-00C04F79EFBC}") = "OfflineAIHelper.Web", "OfflineAIHelper.Web\OfflineAIHelper.Web.csproj", "{BBE3369F-0D3D-4802-A655-FBB95A8C17A7}"
EndProject
Global
	GlobalSection(SolutionConfigurationPlatforms) = preSolution
		Debug|Any CPU = Debug|Any CPU
		Release|Any CPU = Release|Any CPU
	EndGlobalSection
	GlobalSection(ProjectConfigurationPlatforms) = postSolution
		{BBE3369F-0D3D-4802-A655-FBB95A8C17A7}.Debug|Any CPU.ActiveCfg = Debug|Any CPU
		{BBE3369F-0D3D-4802-A655-FBB95A8C17A7}.Debug|Any CPU.Build.0 = Debug|Any CPU
		{BBE3369F-0D3D-4802-A655-FBB95A8C17A7}.Release|Any CPU.ActiveCfg = Release|Any CPU
		{BBE3369F-0D3D-4802-A655-FBB95A8C17A7}.Release|Any CPU.Build.0 = Release|Any CPU
	EndGlobalSection
	GlobalSection(SolutionProperties) = preSolution
		HideSolutionNode = FALSE
	EndGlobalSection
	GlobalSection(ExtensibilityGlobals) = postSolution
		SolutionGuid = {15A7B1A1-7E0B-41F7-9662-FD2E86062827}
	EndGlobalSection
EndGlobal
